
Microsoft Visual Studio Solution File, Format Version 12.00
# Visual Studio Version 16
VisualStudioVersion = 16.0.32126.315
MinimumVisualStudioVersion = 10.0.40219.1
Project("{FAE04EC0-301F-11D3-BF4B-00C04F79EFBC}") = "TEST", "TEST\TEST.csproj", "{934CD75D-251E-4440-BD8B-88AA3424D98E}"
EndProject
Global
	GlobalSection(SolutionConfigurationPlatforms) = preSolution
		Debug|Any CPU = Debug|Any CPU
		Release|Any CPU = Release|Any CPU
	EndGlobalSection
	GlobalSection(ProjectConfigurationPlatforms) = postSolution
		{934CD75D-251E-4440-BD8B-88AA3424D98E}.Debug|Any CPU.ActiveCfg = Debug|Any CPU
		{934CD75D-251E-4440-BD8B-88AA3424D98E}.Debug|Any CPU.Build.0 = Debug|Any CPU
		{934CD75D-251E-4440-BD8B-88AA3424D98E}.Release|Any CPU.ActiveCfg = Release|Any CPU
		{934CD75D-251E-4440-BD8B-88AA3424D98E}.Release|Any CPU.Build.0 = Release|Any CPU
	EndGlobalSection
	GlobalSection(SolutionProperties) = preSolution
		HideSolutionNode = FALSE
	EndGlobalSection
	GlobalSection(ExtensibilityGlobals) = postSolution
		SolutionGuid = {B4A1D2B8-320E-40E3-8A8A-67AFFF87DFCD}
	EndGlobalSection
EndGlobal
